
Microsoft Visual Studio Solution File, Format Version 12.00
# Visual Studio 15
VisualStudioVersion = 15.0.28307.779
MinimumVisualStudioVersion = 10.0.40219.1
Project("{8BC9CEB8-8B4A-11D0-8D11-00A0C91BC942}") = "User-Level Thread Library", "User-Level Thread Library\User-Level Thread Library.vcxproj", "{87BA34D2-0DC6-43A0-8615-7001B85A9AAA}"
EndProject
Global
	GlobalSection(SolutionConfigurationPlatforms) = preSolution
		Debug|x64 = Debug|x64
		Debug|x86 = Debug|x86
		Release|x64 = Release|x64
		Release|x86 = Release|x86
	EndGlobalSection
	GlobalSection(ProjectConfigurationPlatforms) = postSolution
		{87BA34D2-0DC6-43A0-8615-7001B85A9AAA}.Debug|x64.ActiveCfg = Debug|x64
		{87BA34D2-0DC6-43A0-8615-7001B85A9AAA}.Debug|x64.Build.0 = Debug|x64
		{87BA34D2-0DC6-43A0-8615-7001B85A9AAA}.Debug|x86.ActiveCfg = Debug|Win32
		{87BA34D2-0DC6-43A0-8615-7001B85A9AAA}.Debug|x86.Build.0 = Debug|Win32
		{87BA34D2-0DC6-43A0-8615-7001B85A9AAA}.Release|x64.ActiveCfg = Release|x64
		{87BA34D2-0DC6-43A0-8615-7001B85A9AAA}.Release|x64.Build.0 = Release|x64
		{87BA34D2-0DC6-43A0-8615-7001B85A9AAA}.Release|x86.ActiveCfg = Release|Win32
		{87BA34D2-0DC6-43A0-8615-7001B85A9AAA}.Release|x86.Build.0 = Release|Win32
	EndGlobalSection
	GlobalSection(SolutionProperties) = preSolution
		HideSolutionNode = FALSE
	EndGlobalSection
	GlobalSection(ExtensibilityGlobals) = postSolution
		SolutionGuid = {D8207227-011A-4E68-94B9-F14E43EE64A4}
	EndGlobalSection
EndGlobal
